
Microsoft Visual Studio Solution File, Format Version 12.00
# Visual Studio Version 16
VisualStudioVersion = 16.0.31005.135
MinimumVisualStudioVersion = 10.0.40219.1
Project("{FAE04EC0-301F-11D3-BF4B-00C04F79EFBC}") = "AbstractClassPractice", "AbstractClassPractice.csproj", "{FED75893-06A4-48B8-BEF9-9ACE2E64D9C0}"
EndProject
Global
	GlobalSection(SolutionConfigurationPlatforms) = preSolution
		Debug|Any CPU = Debug|Any CPU
		Release|Any CPU = Release|Any CPU
	EndGlobalSection
	GlobalSection(ProjectConfigurationPlatforms) = postSolution
		{FED75893-06A4-48B8-BEF9-9ACE2E64D9C0}.Debug|Any CPU.ActiveCfg = Debug|Any CPU
		{FED75893-06A4-48B8-BEF9-9ACE2E64D9C0}.Debug|Any CPU.Build.0 = Debug|Any CPU
		{FED75893-06A4-48B8-BEF9-9ACE2E64D9C0}.Release|Any CPU.ActiveCfg = Release|Any CPU
		{FED75893-06A4-48B8-BEF9-9ACE2E64D9C0}.Release|Any CPU.Build.0 = Release|Any CPU
	EndGlobalSection
	GlobalSection(SolutionProperties) = preSolution
		HideSolutionNode = FALSE
	EndGlobalSection
	GlobalSection(ExtensibilityGlobals) = postSolution
		SolutionGuid = {08B8BE2D-615A-4044-BC9B-3B1CC5DCC2C4}
	EndGlobalSection
EndGlobal
